Microsoft Visual Studio Solution File, Format Version 12.00
# Visual Studio Version 17
VisualStudioVersion = 17.5.2.0
MinimumVisualStudioVersion = 10.0.40219.1
Project("{FAE04EC0-301F-11D3-BF4B-00C04F79EFBC}") = "Interface2", "Interface2.csproj", "{308F6760-894B-3F43-2D53-BEAE6A5EEB89}"
EndProject
Global
	GlobalSection(SolutionConfigurationPlatforms) = preSolution
		Debug|Any CPU = Debug|Any CPU
		Release|Any CPU = Release|Any CPU
	EndGlobalSection
	GlobalSection(ProjectConfigurationPlatforms) = postSolution
		{308F6760-894B-3F43-2D53-BEAE6A5EEB89}.Debug|Any CPU.ActiveCfg = Debug|Any CPU
		{308F6760-894B-3F43-2D53-BEAE6A5EEB89}.Debug|Any CPU.Build.0 = Debug|Any CPU
		{308F6760-894B-3F43-2D53-BEAE6A5EEB89}.Release|Any CPU.ActiveCfg = Release|Any CPU
		{308F6760-894B-3F43-2D53-BEAE6A5EEB89}.Release|Any CPU.Build.0 = Release|Any CPU
	EndGlobalSection
	GlobalSection(SolutionProperties) = preSolution
		HideSolutionNode = FALSE
	EndGlobalSection
	GlobalSection(ExtensibilityGlobals) = postSolution
		SolutionGuid = {60213B18-E822-4577-AAD6-804A8B13F7B6}
	EndGlobalSection
EndGlobal
