Microsoft Visual Studio Solution File, Format Version 12.00
# Visual Studio Version 17
VisualStudioVersion = 17.5.2.0
MinimumVisualStudioVersion = 10.0.40219.1
Project("{FAE04EC0-301F-11D3-BF4B-00C04F79EFBC}") = "ForLoop_BreakContinue", "ForLoop_BreakContinue.csproj", "{70773044-600D-DC75-6A1A-221AE0FEDC86}"
EndProject
Global
	GlobalSection(SolutionConfigurationPlatforms) = preSolution
		Debug|Any CPU = Debug|Any CPU
		Release|Any CPU = Release|Any CPU
	EndGlobalSection
	GlobalSection(ProjectConfigurationPlatforms) = postSolution
		{70773044-600D-DC75-6A1A-221AE0FEDC86}.Debug|Any CPU.ActiveCfg = Debug|Any CPU
		{70773044-600D-DC75-6A1A-221AE0FEDC86}.Debug|Any CPU.Build.0 = Debug|Any CPU
		{70773044-600D-DC75-6A1A-221AE0FEDC86}.Release|Any CPU.ActiveCfg = Release|Any CPU
		{70773044-600D-DC75-6A1A-221AE0FEDC86}.Release|Any CPU.Build.0 = Release|Any CPU
	EndGlobalSection
	GlobalSection(SolutionProperties) = preSolution
		HideSolutionNode = FALSE
	EndGlobalSection
	GlobalSection(ExtensibilityGlobals) = postSolution
		SolutionGuid = {3997DECB-20D1-4625-A801-719C66450EFE}
	EndGlobalSection
EndGlobal
