Microsoft Visual Studio Solution File, Format Version 12.00
# Visual Studio Version 17
VisualStudioVersion = 17.5.2.0
MinimumVisualStudioVersion = 10.0.40219.1
Project("{FAE04EC0-301F-11D3-BF4B-00C04F79EFBC}") = "Koleksiyonlar-Soru-1", "Koleksiyonlar-Soru-1.csproj", "{45E6DCEB-76E1-E71B-ADB0-C98094D28916}"
EndProject
Global
	GlobalSection(SolutionConfigurationPlatforms) = preSolution
		Debug|Any CPU = Debug|Any CPU
		Release|Any CPU = Release|Any CPU
	EndGlobalSection
	GlobalSection(ProjectConfigurationPlatforms) = postSolution
		{45E6DCEB-76E1-E71B-ADB0-C98094D28916}.Debug|Any CPU.ActiveCfg = Debug|Any CPU
		{45E6DCEB-76E1-E71B-ADB0-C98094D28916}.Debug|Any CPU.Build.0 = Debug|Any CPU
		{45E6DCEB-76E1-E71B-ADB0-C98094D28916}.Release|Any CPU.ActiveCfg = Release|Any CPU
		{45E6DCEB-76E1-E71B-ADB0-C98094D28916}.Release|Any CPU.Build.0 = Release|Any CPU
	EndGlobalSection
	GlobalSection(SolutionProperties) = preSolution
		HideSolutionNode = FALSE
	EndGlobalSection
	GlobalSection(ExtensibilityGlobals) = postSolution
		SolutionGuid = {E39A5915-7B74-4458-A023-2E6F57297A07}
	EndGlobalSection
EndGlobal
